// !$*UTF8*$!
{
	archiveVersion = 1;
	classes = {
	};
	objectVersion = 50;
	objects = {

/* Begin PBXBuildFile section */
		AD22856024454F250077F7C8 /* AppDelegate.swift in Sources */ = {isa = PBXBuildFile; fileRef = AD22855F24454F250077F7C8 /* AppDelegate.swift */; };
		AD22856224454F250077F7C8 /* SceneDelegate.swift in Sources */ = {isa = PBXBuildFile; fileRef = AD22856124454F250077F7C8 /* SceneDelegate.swift */; };
		AD22856424454F250077F7C8 /* ViewController.swift in Sources */ = {isa = PBXBuildFile; fileRef = AD22856324454F250077F7C8 /* ViewController.swift */; };
		AD22856724454F250077F7C8 /* Main.storyboard in Resources */ = {isa = PBXBuildFile; fileRef = AD22856524454F250077F7C8 /* Main.storyboard */; };
		AD22856924454F270077F7C8 /* Assets.xcassets in Resources */ = {isa = PBXBuildFile; fileRef = AD22856824454F270077F7C8 /* Assets.xcassets */; };
		AD22856C24454F270077F7C8 /* LaunchScreen.storyboard in Resources */ = {isa = PBXBuildFile; fileRef = AD22856A24454F270077F7C8 /* LaunchScreen.storyboard */; };
		AD228578244550990077F7C8 /* SolutionArray.swift in Sources */ = {isa = PBXBuildFile; fileRef = AD228577244550990077F7C8 /* SolutionArray.swift */; };
		AD22857A24456F680077F7C8 /* SolutionString.swift in Sources */ = {isa = PBXBuildFile; fileRef = AD22857924456F680077F7C8 /* SolutionString.swift */; };
		AD34683A2455BEA800B0C5E8 /* LeetCode9.swift in Sources */ = {isa = PBXBuildFile; fileRef = AD3468392455BEA800B0C5E8 /* LeetCode9.swift */; };
		AD34683C2457132600B0C5E8 /* LeetCode18.swift in Sources */ = {isa = PBXBuildFile; fileRef = AD34683B2457132600B0C5E8 /* LeetCode18.swift */; };
		AD34683E2457147200B0C5E8 /* LeetCode20.swift in Sources */ = {isa = PBXBuildFile; fileRef = AD34683D2457147200B0C5E8 /* LeetCode20.swift */; };
		AD346840245717BB00B0C5E8 /* LeetCode22.swift in Sources */ = {isa = PBXBuildFile; fileRef = AD34683F245717BB00B0C5E8 /* LeetCode22.swift */; };
		AD34684224571B7300B0C5E8 /* LeetCode23.swift in Sources */ = {isa = PBXBuildFile; fileRef = AD34684124571B7300B0C5E8 /* LeetCode23.swift */; };
		AD38D9FB244AA59000895806 /* SolutionLogger.swift in Sources */ = {isa = PBXBuildFile; fileRef = AD38D9FA244AA59000895806 /* SolutionLogger.swift */; };
		AD38D9FD2453AF9000895806 /* LeetCode3.swift in Sources */ = {isa = PBXBuildFile; fileRef = AD38D9FC2453AF9000895806 /* LeetCode3.swift */; };
		AD38D9FF2453C70100895806 /* LeetCode5.swift in Sources */ = {isa = PBXBuildFile; fileRef = AD38D9FE2453C70100895806 /* LeetCode5.swift */; };
		AD6CC52C24484D1C005AC925 /* DoubleLinkedList.swift in Sources */ = {isa = PBXBuildFile; fileRef = AD6CC52B24484D1C005AC925 /* DoubleLinkedList.swift */; };
		AD9ED7222446A4C4008596AA /* Stack.swift in Sources */ = {isa = PBXBuildFile; fileRef = AD9ED7212446A4C4008596AA /* Stack.swift */; };
		AD9ED7242446ED48008596AA /* LinkedList.swift in Sources */ = {isa = PBXBuildFile; fileRef = AD9ED7232446ED48008596AA /* LinkedList.swift */; };
		AD9ED72624470289008596AA /* SolutionLinkedList.swift in Sources */ = {isa = PBXBuildFile; fileRef = AD9ED72524470289008596AA /* SolutionLinkedList.swift */; };
		ADBFB5F424494617004961CA /* Node.swift in Sources */ = {isa = PBXBuildFile; fileRef = ADBFB5F324494617004961CA /* Node.swift */; };
		ADBFB5F624498764004961CA /* HashSet.swift in Sources */ = {isa = PBXBuildFile; fileRef = ADBFB5F524498764004961CA /* HashSet.swift */; };
		ADBFB5F8244989EF004961CA /* HashMap.swift in Sources */ = {isa = PBXBuildFile; fileRef = ADBFB5F7244989EF004961CA /* HashMap.swift */; };
		ADBFB5FA2449909C004961CA /* SolutionHash.swift in Sources */ = {isa = PBXBuildFile; fileRef = ADBFB5F92449909C004961CA /* SolutionHash.swift */; };
		ADBFB5FC244D5AB4004961CA /* SolutionTwoPointSearch.swift in Sources */ = {isa = PBXBuildFile; fileRef = ADBFB5FB244D5AB4004961CA /* SolutionTwoPointSearch.swift */; };
		ADBFB6BB24513D8C004961CA /* SolutionBinaryTree.swift in Sources */ = {isa = PBXBuildFile; fileRef = ADBFB6BA24513D8C004961CA /* SolutionBinaryTree.swift */; };
		ADBFB6BD24513DD8004961CA /* TreeNode.swift in Sources */ = {isa = PBXBuildFile; fileRef = ADBFB6BC24513DD8004961CA /* TreeNode.swift */; };
		ADBFB6BF245140F4004961CA /* Queue.swift in Sources */ = {isa = PBXBuildFile; fileRef = ADBFB6BE245140F4004961CA /* Queue.swift */; };
		ADEC1DDC2452D2E9004B6FCC /* SolutionNAryTree.swift in Sources */ = {isa = PBXBuildFile; fileRef = ADEC1DDB2452D2E9004B6FCC /* SolutionNAryTree.swift */; };
		ADEC1DDE2452D716004B6FCC /* SolutionPrimaryAlgorithm.swift in Sources */ = {isa = PBXBuildFile; fileRef = ADEC1DDD2452D716004B6FCC /* SolutionPrimaryAlgorithm.swift */; };
		ADEC1DE12452E370004B6FCC /* LeetCode1.swift in Sources */ = {isa = PBXBuildFile; fileRef = ADEC1DE02452E370004B6FCC /* LeetCode1.swift */; };
		ADEC1DE32452E606004B6FCC /* LeetCode2.swift in Sources */ = {isa = PBXBuildFile; fileRef = ADEC1DE22452E606004B6FCC /* LeetCode2.swift */; };
		ADEC1DE5245578E6004B6FCC /* LeetCode6.swift in Sources */ = {isa = PBXBuildFile; fileRef = ADEC1DE4245578E6004B6FCC /* LeetCode6.swift */; };
		ADEC1DE724557CFE004B6FCC /* LeetCode7.swift in Sources */ = {isa = PBXBuildFile; fileRef = ADEC1DE624557CFE004B6FCC /* LeetCode7.swift */; };
		ADEC1DE924558531004B6FCC /* LeetCode8.swift in Sources */ = {isa = PBXBuildFile; fileRef = ADEC1DE824558531004B6FCC /* LeetCode8.swift */; };
		ADEC1DEB245671AF004B6FCC /* LeetCode11.swift in Sources */ = {isa = PBXBuildFile; fileRef = ADEC1DEA245671AF004B6FCC /* LeetCode11.swift */; };
		ADEC1DED245679D2004B6FCC /* LeetCode12.swift in Sources */ = {isa = PBXBuildFile; fileRef = ADEC1DEC245679D2004B6FCC /* LeetCode12.swift */; };
		ADEC1DEF24567F0E004B6FCC /* LeetCode13.swift in Sources */ = {isa = PBXBuildFile; fileRef = ADEC1DEE24567F0E004B6FCC /* LeetCode13.swift */; };
		ADEC1DF12456833D004B6FCC /* LeetCode14.swift in Sources */ = {isa = PBXBuildFile; fileRef = ADEC1DF02456833D004B6FCC /* LeetCode14.swift */; };
		ADEC1DF324568A46004B6FCC /* LeetCode15.swift in Sources */ = {isa = PBXBuildFile; fileRef = ADEC1DF224568A46004B6FCC /* LeetCode15.swift */; };
		ADEC1E052456DF3B004B6FCC /* LeetCode16.swift in Sources */ = {isa = PBXBuildFile; fileRef = ADEC1E042456DF3B004B6FCC /* LeetCode16.swift */; };
		ADEC1E072456E74C004B6FCC /* LeetCode17.swift in Sources */ = {isa = PBXBuildFile; fileRef = ADEC1E062456E74C004B6FCC /* LeetCode17.swift */; };
/* End PBXBuildFile section */

/* Begin PBXFileReference section */
		AD22855C24454F250077F7C8 /* DataStructureAndAlgorithm.app */ = {isa = PBXFileReference; explicitFileType = wrapper.application; includeInIndex = 0; path = DataStructureAndAlgorithm.app; sourceTree = BUILT_PRODUCTS_DIR; };
		AD22855F24454F250077F7C8 /* AppDelegate.swift */ = {isa = PBXFileReference; lastKnownFileType = sourcecode.swift; path = AppDelegate.swift; sourceTree = "<group>"; };
		AD22856124454F250077F7C8 /* SceneDelegate.swift */ = {isa = PBXFileReference; lastKnownFileType = sourcecode.swift; path = SceneDelegate.swift; sourceTree = "<group>"; };
		AD22856324454F250077F7C8 /* ViewController.swift */ = {isa = PBXFileReference; lastKnownFileType = sourcecode.swift; path = ViewController.swift; sourceTree = "<group>"; };
		AD22856624454F250077F7C8 /* Base */ = {isa = PBXFileReference; lastKnownFileType = file.storyboard; name = Base; path = Base.lproj/Main.storyboard; sourceTree = "<group>"; };
		AD22856824454F270077F7C8 /* Assets.xcassets */ = {isa = PBXFileReference; lastKnownFileType = folder.assetcatalog; path = Assets.xcassets; sourceTree = "<group>"; };
		AD22856B24454F270077F7C8 /* Base */ = {isa = PBXFileReference; lastKnownFileType = file.storyboard; name = Base; path = Base.lproj/LaunchScreen.storyboard; sourceTree = "<group>"; };
		AD22856D24454F270077F7C8 /* Info.plist */ = {isa = PBXFileReference; lastKnownFileType = text.plist.xml; path = Info.plist; sourceTree = "<group>"; };
		AD228577244550990077F7C8 /* SolutionArray.swift */ = {isa = PBXFileReference; lastKnownFileType = sourcecode.swift; path = SolutionArray.swift; sourceTree = "<group>"; };
		AD22857924456F680077F7C8 /* SolutionString.swift */ = {isa = PBXFileReference; lastKnownFileType = sourcecode.swift; path = SolutionString.swift; sourceTree = "<group>"; };
		AD3468392455BEA800B0C5E8 /* LeetCode9.swift */ = {isa = PBXFileReference; lastKnownFileType = sourcecode.swift; path = LeetCode9.swift; sourceTree = "<group>"; };
		AD34683B2457132600B0C5E8 /* LeetCode18.swift */ = {isa = PBXFileReference; lastKnownFileType = sourcecode.swift; path = LeetCode18.swift; sourceTree = "<group>"; };
		AD34683D2457147200B0C5E8 /* LeetCode20.swift */ = {isa = PBXFileReference; lastKnownFileType = sourcecode.swift; path = LeetCode20.swift; sourceTree = "<group>"; };
		AD34683F245717BB00B0C5E8 /* LeetCode22.swift */ = {isa = PBXFileReference; lastKnownFileType = sourcecode.swift; path = LeetCode22.swift; sourceTree = "<group>"; };
		AD34684124571B7300B0C5E8 /* LeetCode23.swift */ = {isa = PBXFileReference; lastKnownFileType = sourcecode.swift; path = LeetCode23.swift; sourceTree = "<group>"; };
		AD38D9FA244AA59000895806 /* SolutionLogger.swift */ = {isa = PBXFileReference; lastKnownFileType = sourcecode.swift; path = SolutionLogger.swift; sourceTree = "<group>"; };
		AD38D9FC2453AF9000895806 /* LeetCode3.swift */ = {isa = PBXFileReference; lastKnownFileType = sourcecode.swift; path = LeetCode3.swift; sourceTree = "<group>"; };
		AD38D9FE2453C70100895806 /* LeetCode5.swift */ = {isa = PBXFileReference; lastKnownFileType = sourcecode.swift; path = LeetCode5.swift; sourceTree = "<group>"; };
		AD6CC52B24484D1C005AC925 /* DoubleLinkedList.swift */ = {isa = PBXFileReference; lastKnownFileType = sourcecode.swift; path = DoubleLinkedList.swift; sourceTree = "<group>"; };
		AD9ED7212446A4C4008596AA /* Stack.swift */ = {isa = PBXFileReference; lastKnownFileType = sourcecode.swift; path = Stack.swift; sourceTree = "<group>"; };
		AD9ED7232446ED48008596AA /* LinkedList.swift */ = {isa = PBXFileReference; lastKnownFileType = sourcecode.swift; path = LinkedList.swift; sourceTree = "<group>"; };
		AD9ED72524470289008596AA /* SolutionLinkedList.swift */ = {isa = PBXFileReference; lastKnownFileType = sourcecode.swift; path = SolutionLinkedList.swift; sourceTree = "<group>"; };
		ADBFB5F324494617004961CA /* Node.swift */ = {isa = PBXFileReference; lastKnownFileType = sourcecode.swift; path = Node.swift; sourceTree = "<group>"; };
		ADBFB5F524498764004961CA /* HashSet.swift */ = {isa = PBXFileReference; lastKnownFileType = sourcecode.swift; path = HashSet.swift; sourceTree = "<group>"; };
		ADBFB5F7244989EF004961CA /* HashMap.swift */ = {isa = PBXFileReference; lastKnownFileType = sourcecode.swift; path = HashMap.swift; sourceTree = "<group>"; };
		ADBFB5F92449909C004961CA /* SolutionHash.swift */ = {isa = PBXFileReference; lastKnownFileType = sourcecode.swift; path = SolutionHash.swift; sourceTree = "<group>"; };
		ADBFB5FB244D5AB4004961CA /* SolutionTwoPointSearch.swift */ = {isa = PBXFileReference; lastKnownFileType = sourcecode.swift; path = SolutionTwoPointSearch.swift; sourceTree = "<group>"; };
		ADBFB6BA24513D8C004961CA /* SolutionBinaryTree.swift */ = {isa = PBXFileReference; lastKnownFileType = sourcecode.swift; path = SolutionBinaryTree.swift; sourceTree = "<group>"; };
		ADBFB6BC24513DD8004961CA /* TreeNode.swift */ = {isa = PBXFileReference; lastKnownFileType = sourcecode.swift; path = TreeNode.swift; sourceTree = "<group>"; };
		ADBFB6BE245140F4004961CA /* Queue.swift */ = {isa = PBXFileReference; lastKnownFileType = sourcecode.swift; path = Queue.swift; sourceTree = "<group>"; };
		ADEC1DDB2452D2E9004B6FCC /* SolutionNAryTree.swift */ = {isa = PBXFileReference; lastKnownFileType = sourcecode.swift; path = SolutionNAryTree.swift; sourceTree = "<group>"; };
		ADEC1DDD2452D716004B6FCC /* SolutionPrimaryAlgorithm.swift */ = {isa = PBXFileReference; lastKnownFileType = sourcecode.swift; path = SolutionPrimaryAlgorithm.swift; sourceTree = "<group>"; };
		ADEC1DE02452E370004B6FCC /* LeetCode1.swift */ = {isa = PBXFileReference; lastKnownFileType = sourcecode.swift; path = LeetCode1.swift; sourceTree = "<group>"; };
		ADEC1DE22452E606004B6FCC /* LeetCode2.swift */ = {isa = PBXFileReference; lastKnownFileType = sourcecode.swift; path = LeetCode2.swift; sourceTree = "<group>"; };
		ADEC1DE4245578E6004B6FCC /* LeetCode6.swift */ = {isa = PBXFileReference; lastKnownFileType = sourcecode.swift; path = LeetCode6.swift; sourceTree = "<group>"; };
		ADEC1DE624557CFE004B6FCC /* LeetCode7.swift */ = {isa = PBXFileReference; lastKnownFileType = sourcecode.swift; path = LeetCode7.swift; sourceTree = "<group>"; };
		ADEC1DE824558531004B6FCC /* LeetCode8.swift */ = {isa = PBXFileReference; lastKnownFileType = sourcecode.swift; path = LeetCode8.swift; sourceTree = "<group>"; };
		ADEC1DEA245671AF004B6FCC /* LeetCode11.swift */ = {isa = PBXFileReference; lastKnownFileType = sourcecode.swift; path = LeetCode11.swift; sourceTree = "<group>"; };
		ADEC1DEC245679D2004B6FCC /* LeetCode12.swift */ = {isa = PBXFileReference; lastKnownFileType = sourcecode.swift; path = LeetCode12.swift; sourceTree = "<group>"; };
		ADEC1DEE24567F0E004B6FCC /* LeetCode13.swift */ = {isa = PBXFileReference; lastKnownFileType = sourcecode.swift; path = LeetCode13.swift; sourceTree = "<group>"; };
		ADEC1DF02456833D004B6FCC /* LeetCode14.swift */ = {isa = PBXFileReference; lastKnownFileType = sourcecode.swift; path = LeetCode14.swift; sourceTree = "<group>"; };
		ADEC1DF224568A46004B6FCC /* LeetCode15.swift */ = {isa = PBXFileReference; lastKnownFileType = sourcecode.swift; path = LeetCode15.swift; sourceTree = "<group>"; };
		ADEC1E042456DF3B004B6FCC /* LeetCode16.swift */ = {isa = PBXFileReference; lastKnownFileType = sourcecode.swift; path = LeetCode16.swift; sourceTree = "<group>"; };
		ADEC1E062456E74C004B6FCC /* LeetCode17.swift */ = {isa = PBXFileReference; lastKnownFileType = sourcecode.swift; path = LeetCode17.swift; sourceTree = "<group>"; };
/* End PBXFileReference section */

/* Begin PBXFrameworksBuildPhase section */
		AD22855924454F250077F7C8 /* Frameworks */ = {
			isa = PBXFrameworksBuildPhase;
			buildActionMask = 2147483647;
			files = (
			);
			runOnlyForDeploymentPostprocessing = 0;
		};
/* End PBXFrameworksBuildPhase section */

/* Begin PBXGroup section */
		AD22855324454F250077F7C8 = {
			isa = PBXGroup;
			children = (
				AD22855E24454F250077F7C8 /* DataStructureAndAlgorithm */,
				AD22855D24454F250077F7C8 /* Products */,
			);
			sourceTree = "<group>";
		};
		AD22855D24454F250077F7C8 /* Products */ = {
			isa = PBXGroup;
			children = (
				AD22855C24454F250077F7C8 /* DataStructureAndAlgorithm.app */,
			);
			name = Products;
			sourceTree = "<group>";
		};
		AD22855E24454F250077F7C8 /* DataStructureAndAlgorithm */ = {
			isa = PBXGroup;
			children = (
				AD228574244550430077F7C8 /* Controllers */,
				AD2285752445505C0077F7C8 /* Contents */,
				AD22857324454FD30077F7C8 /* SupportFiles */,
			);
			path = DataStructureAndAlgorithm;
			sourceTree = "<group>";
		};
		AD22857324454FD30077F7C8 /* SupportFiles */ = {
			isa = PBXGroup;
			children = (
				AD22855F24454F250077F7C8 /* AppDelegate.swift */,
				AD22856124454F250077F7C8 /* SceneDelegate.swift */,
				AD22856524454F250077F7C8 /* Main.storyboard */,
				AD22856824454F270077F7C8 /* Assets.xcassets */,
				AD22856A24454F270077F7C8 /* LaunchScreen.storyboard */,
				AD22856D24454F270077F7C8 /* Info.plist */,
			);
			path = SupportFiles;
			sourceTree = "<group>";
		};
		AD228574244550430077F7C8 /* Controllers */ = {
			isa = PBXGroup;
			children = (
				AD22856324454F250077F7C8 /* ViewController.swift */,
			);
			path = Controllers;
			sourceTree = "<group>";
		};
		AD2285752445505C0077F7C8 /* Contents */ = {
			isa = PBXGroup;
			children = (
				ADEC1DDF2452E34C004B6FCC /* LeetCode */,
				AD9ED7202446A499008596AA /* BasicDataStructure */,
				AD228576244550740077F7C8 /* DataStructure */,
			);
			path = Contents;
			sourceTree = "<group>";
		};
		AD228576244550740077F7C8 /* DataStructure */ = {
			isa = PBXGroup;
			children = (
				AD228577244550990077F7C8 /* SolutionArray.swift */,
				AD22857924456F680077F7C8 /* SolutionString.swift */,
				AD9ED72524470289008596AA /* SolutionLinkedList.swift */,
				ADBFB5F92449909C004961CA /* SolutionHash.swift */,
				AD38D9FA244AA59000895806 /* SolutionLogger.swift */,
				ADBFB5FB244D5AB4004961CA /* SolutionTwoPointSearch.swift */,
				ADBFB6BA24513D8C004961CA /* SolutionBinaryTree.swift */,
				ADEC1DDB2452D2E9004B6FCC /* SolutionNAryTree.swift */,
				ADEC1DDD2452D716004B6FCC /* SolutionPrimaryAlgorithm.swift */,
			);
			path = DataStructure;
			sourceTree = "<group>";
		};
		AD9ED7202446A499008596AA /* BasicDataStructure */ = {
			isa = PBXGroup;
			children = (
				AD9ED7212446A4C4008596AA /* Stack.swift */,
				AD9ED7232446ED48008596AA /* LinkedList.swift */,
				AD6CC52B24484D1C005AC925 /* DoubleLinkedList.swift */,
				ADBFB5F324494617004961CA /* Node.swift */,
				ADBFB5F524498764004961CA /* HashSet.swift */,
				ADBFB5F7244989EF004961CA /* HashMap.swift */,
				ADBFB6BC24513DD8004961CA /* TreeNode.swift */,
				ADBFB6BE245140F4004961CA /* Queue.swift */,
			);
			path = BasicDataStructure;
			sourceTree = "<group>";
		};
		ADEC1DDF2452E34C004B6FCC /* LeetCode */ = {
			isa = PBXGroup;
			children = (
				ADEC1DE02452E370004B6FCC /* LeetCode1.swift */,
				ADEC1DE22452E606004B6FCC /* LeetCode2.swift */,
				AD38D9FC2453AF9000895806 /* LeetCode3.swift */,
				AD38D9FE2453C70100895806 /* LeetCode5.swift */,
				ADEC1DE4245578E6004B6FCC /* LeetCode6.swift */,
				ADEC1DE624557CFE004B6FCC /* LeetCode7.swift */,
				ADEC1DE824558531004B6FCC /* LeetCode8.swift */,
				AD3468392455BEA800B0C5E8 /* LeetCode9.swift */,
				ADEC1DEA245671AF004B6FCC /* LeetCode11.swift */,
				ADEC1DEC245679D2004B6FCC /* LeetCode12.swift */,
				ADEC1DEE24567F0E004B6FCC /* LeetCode13.swift */,
				ADEC1DF02456833D004B6FCC /* LeetCode14.swift */,
				ADEC1DF224568A46004B6FCC /* LeetCode15.swift */,
				ADEC1E042456DF3B004B6FCC /* LeetCode16.swift */,
				ADEC1E062456E74C004B6FCC /* LeetCode17.swift */,
				AD34683B2457132600B0C5E8 /* LeetCode18.swift */,
				AD34683D2457147200B0C5E8 /* LeetCode20.swift */,
				AD34683F245717BB00B0C5E8 /* LeetCode22.swift */,
				AD34684124571B7300B0C5E8 /* LeetCode23.swift */,
			);
			path = LeetCode;
			sourceTree = "<group>";
		};
/* End PBXGroup section */

/* Begin PBXNativeTarget section */
		AD22855B24454F250077F7C8 /* DataStructureAndAlgorithm */ = {
			isa = PBXNativeTarget;
			buildConfigurationList = AD22857024454F270077F7C8 /* Build configuration list for PBXNativeTarget "DataStructureAndAlgorithm" */;
			buildPhases = (
				AD22855824454F250077F7C8 /* Sources */,
				AD22855924454F250077F7C8 /* Frameworks */,
				AD22855A24454F250077F7C8 /* Resources */,
			);
			buildRules = (
			);
			dependencies = (
			);
			name = DataStructureAndAlgorithm;
			productName = DataStructureAndAlgorithm;
			productReference = AD22855C24454F250077F7C8 /* DataStructureAndAlgorithm.app */;
			productType = "com.apple.product-type.application";
		};
/* End PBXNativeTarget section */

/* Begin PBXProject section */
		AD22855424454F250077F7C8 /* Project object */ = {
			isa = PBXProject;
			attributes = {
				LastSwiftUpdateCheck = 1140;
				LastUpgradeCheck = 1140;
				ORGANIZATIONNAME = zzh;
				TargetAttributes = {
					AD22855B24454F250077F7C8 = {
						CreatedOnToolsVersion = 11.4;
					};
				};
			};
			buildConfigurationList = AD22855724454F250077F7C8 /* Build configuration list for PBXProject "DataStructureAndAlgorithm" */;
			compatibilityVersion = "Xcode 9.3";
			developmentRegion = en;
			hasScannedForEncodings = 0;
			knownRegions = (
				en,
				Base,
			);
			mainGroup = AD22855324454F250077F7C8;
			productRefGroup = AD22855D24454F250077F7C8 /* Products */;
			projectDirPath = "";
			projectRoot = "";
			targets = (
				AD22855B24454F250077F7C8 /* DataStructureAndAlgorithm */,
			);
		};
/* End PBXProject section */

/* Begin PBXResourcesBuildPhase section */
		AD22855A24454F250077F7C8 /* Resources */ = {
			isa = PBXResourcesBuildPhase;
			buildActionMask = 2147483647;
			files = (
				AD22856C24454F270077F7C8 /* LaunchScreen.storyboard in Resources */,
				AD22856924454F270077F7C8 /* Assets.xcassets in Resources */,
				AD22856724454F250077F7C8 /* Main.storyboard in Resources */,
			);
			runOnlyForDeploymentPostprocessing = 0;
		};
/* End PBXResourcesBuildPhase section */

/* Begin PBXSourcesBuildPhase section */
		AD22855824454F250077F7C8 /* Sources */ = {
			isa = PBXSourcesBuildPhase;
			buildActionMask = 2147483647;
			files = (
				AD346840245717BB00B0C5E8 /* LeetCode22.swift in Sources */,
				ADEC1DDC2452D2E9004B6FCC /* SolutionNAryTree.swift in Sources */,
				AD22856424454F250077F7C8 /* ViewController.swift in Sources */,
				ADEC1DE924558531004B6FCC /* LeetCode8.swift in Sources */,
				ADEC1DEF24567F0E004B6FCC /* LeetCode13.swift in Sources */,
				ADBFB5F424494617004961CA /* Node.swift in Sources */,
				AD34683C2457132600B0C5E8 /* LeetCode18.swift in Sources */,
				ADBFB6BD24513DD8004961CA /* TreeNode.swift in Sources */,
				ADEC1DED245679D2004B6FCC /* LeetCode12.swift in Sources */,
				ADBFB5F8244989EF004961CA /* HashMap.swift in Sources */,
				AD34684224571B7300B0C5E8 /* LeetCode23.swift in Sources */,
				AD22856024454F250077F7C8 /* AppDelegate.swift in Sources */,
				ADBFB5F624498764004961CA /* HashSet.swift in Sources */,
				ADEC1DEB245671AF004B6FCC /* LeetCode11.swift in Sources */,
				ADBFB6BB24513D8C004961CA /* SolutionBinaryTree.swift in Sources */,
				ADBFB6BF245140F4004961CA /* Queue.swift in Sources */,
				ADBFB5FA2449909C004961CA /* SolutionHash.swift in Sources */,
				ADEC1DE724557CFE004B6FCC /* LeetCode7.swift in Sources */,
				AD34683A2455BEA800B0C5E8 /* LeetCode9.swift in Sources */,
				AD38D9FD2453AF9000895806 /* LeetCode3.swift in Sources */,
				ADEC1DF324568A46004B6FCC /* LeetCode15.swift in Sources */,
				AD38D9FB244AA59000895806 /* SolutionLogger.swift in Sources */,
				AD38D9FF2453C70100895806 /* LeetCode5.swift in Sources */,
				ADEC1DE12452E370004B6FCC /* LeetCode1.swift in Sources */,
				AD228578244550990077F7C8 /* SolutionArray.swift in Sources */,
				ADEC1DF12456833D004B6FCC /* LeetCode14.swift in Sources */,
				AD34683E2457147200B0C5E8 /* LeetCode20.swift in Sources */,
				AD9ED72624470289008596AA /* SolutionLinkedList.swift in Sources */,
				ADBFB5FC244D5AB4004961CA /* SolutionTwoPointSearch.swift in Sources */,
				ADEC1DE5245578E6004B6FCC /* LeetCode6.swift in Sources */,
				AD6CC52C24484D1C005AC925 /* DoubleLinkedList.swift in Sources */,
				AD22857A24456F680077F7C8 /* SolutionString.swift in Sources */,
				AD9ED7222446A4C4008596AA /* Stack.swift in Sources */,
				ADEC1DDE2452D716004B6FCC /* SolutionPrimaryAlgorithm.swift in Sources */,
				ADEC1E072456E74C004B6FCC /* LeetCode17.swift in Sources */,
				AD22856224454F250077F7C8 /* SceneDelegate.swift in Sources */,
				ADEC1E052456DF3B004B6FCC /* LeetCode16.swift in Sources */,
				AD9ED7242446ED48008596AA /* LinkedList.swift in Sources */,
				ADEC1DE32452E606004B6FCC /* LeetCode2.swift in Sources */,
			);
			runOnlyForDeploymentPostprocessing = 0;
		};
/* End PBXSourcesBuildPhase section */

/* Begin PBXVariantGroup section */
		AD22856524454F250077F7C8 /* Main.storyboard */ = {
			isa = PBXVariantGroup;
			children = (
				AD22856624454F250077F7C8 /* Base */,
			);
			name = Main.storyboard;
			sourceTree = "<group>";
		};
		AD22856A24454F270077F7C8 /* LaunchScreen.storyboard */ = {
			isa = PBXVariantGroup;
			children = (
				AD22856B24454F270077F7C8 /* Base */,
			);
			name = LaunchScreen.storyboard;
			sourceTree = "<group>";
		};
/* End PBXVariantGroup section */

/* Begin XCBuildConfiguration section */
		AD22856E24454F270077F7C8 /* Debug */ = {
			isa = XCBuildConfiguration;
			buildSettings = {
				ALWAYS_SEARCH_USER_PATHS = NO;
				CLANG_ANALYZER_NONNULL = YES;
				CLANG_ANALYZER_NUMBER_OBJECT_CONVERSION = YES_AGGRESSIVE;
				CLANG_CXX_LANGUAGE_STANDARD = "gnu++14";
				CLANG_CXX_LIBRARY = "libc++";
				CLANG_ENABLE_MODULES = YES;
				CLANG_ENABLE_OBJC_ARC = YES;
				CLANG_ENABLE_OBJC_WEAK = YES;
				CLANG_WARN_BLOCK_CAPTURE_AUTORELEASING = YES;
				CLANG_WARN_BOOL_CONVERSION = YES;
				CLANG_WARN_COMMA = YES;
				CLANG_WARN_CONSTANT_CONVERSION = YES;
				CLANG_WARN_DEPRECATED_OBJC_IMPLEMENTATIONS = YES;
				CLANG_WARN_DIRECT_OBJC_ISA_USAGE = YES_ERROR;
				CLANG_WARN_DOCUMENTATION_COMMENTS = YES;
				CLANG_WARN_EMPTY_BODY = YES;
				CLANG_WARN_ENUM_CONVERSION = YES;
				CLANG_WARN_INFINITE_RECURSION = YES;
				CLANG_WARN_INT_CONVERSION = YES;
				CLANG_WARN_NON_LITERAL_NULL_CONVERSION = YES;
				CLANG_WARN_OBJC_IMPLICIT_RETAIN_SELF = YES;
				CLANG_WARN_OBJC_LITERAL_CONVERSION = YES;
				CLANG_WARN_OBJC_ROOT_CLASS = YES_ERROR;
				CLANG_WARN_RANGE_LOOP_ANALYSIS = YES;
				CLANG_WARN_STRICT_PROTOTYPES = YES;
				CLANG_WARN_SUSPICIOUS_MOVE = YES;
				CLANG_WARN_UNGUARDED_AVAILABILITY = YES_AGGRESSIVE;
				CLANG_WARN_UNREACHABLE_CODE = YES;
				CLANG_WARN__DUPLICATE_METHOD_MATCH = YES;
				COPY_PHASE_STRIP = NO;
				DEBUG_INFORMATION_FORMAT = dwarf;
				ENABLE_STRICT_OBJC_MSGSEND = YES;
				ENABLE_TESTABILITY = YES;
				GCC_C_LANGUAGE_STANDARD = gnu11;
				GCC_DYNAMIC_NO_PIC = NO;
				GCC_NO_COMMON_BLOCKS = YES;
				GCC_OPTIMIZATION_LEVEL = 0;
				GCC_PREPROCESSOR_DEFINITIONS = (
					"DEBUG=1",
					"$(inherited)",
				);
				GCC_WARN_64_TO_32_BIT_CONVERSION = YES;
				GCC_WARN_ABOUT_RETURN_TYPE = YES_ERROR;
				GCC_WARN_UNDECLARED_SELECTOR = YES;
				GCC_WARN_UNINITIALIZED_AUTOS = YES_AGGRESSIVE;
				GCC_WARN_UNUSED_FUNCTION = YES;
				GCC_WARN_UNUSED_VARIABLE = YES;
				IPHONEOS_DEPLOYMENT_TARGET = 13.4;
				MTL_ENABLE_DEBUG_INFO = INCLUDE_SOURCE;
				MTL_FAST_MATH = YES;
				ONLY_ACTIVE_ARCH = YES;
				SDKROOT = iphoneos;
				SWIFT_ACTIVE_COMPILATION_CONDITIONS = DEBUG;
				SWIFT_OPTIMIZATION_LEVEL = "-Onone";
			};
			name = Debug;
		};
		AD22856F24454F270077F7C8 /* Release */ = {
			isa = XCBuildConfiguration;
			buildSettings = {
				ALWAYS_SEARCH_USER_PATHS = NO;
				CLANG_ANALYZER_NONNULL = YES;
				CLANG_ANALYZER_NUMBER_OBJECT_CONVERSION = YES_AGGRESSIVE;
				CLANG_CXX_LANGUAGE_STANDARD = "gnu++14";
				CLANG_CXX_LIBRARY = "libc++";
				CLANG_ENABLE_MODULES = YES;
				CLANG_ENABLE_OBJC_ARC = YES;
				CLANG_ENABLE_OBJC_WEAK = YES;
				CLANG_WARN_BLOCK_CAPTURE_AUTORELEASING = YES;
				CLANG_WARN_BOOL_CONVERSION = YES;
				CLANG_WARN_COMMA = YES;
				CLANG_WARN_CONSTANT_CONVERSION = YES;
				CLANG_WARN_DEPRECATED_OBJC_IMPLEMENTATIONS = YES;
				CLANG_WARN_DIRECT_OBJC_ISA_USAGE = YES_ERROR;
				CLANG_WARN_DOCUMENTATION_COMMENTS = YES;
				CLANG_WARN_EMPTY_BODY = YES;
				CLANG_WARN_ENUM_CONVERSION = YES;
				CLANG_WARN_INFINITE_RECURSION = YES;
				CLANG_WARN_INT_CONVERSION = YES;
				CLANG_WARN_NON_LITERAL_NULL_CONVERSION = YES;
				CLANG_WARN_OBJC_IMPLICIT_RETAIN_SELF = YES;
				CLANG_WARN_OBJC_LITERAL_CONVERSION = YES;
				CLANG_WARN_OBJC_ROOT_CLASS = YES_ERROR;
				CLANG_WARN_RANGE_LOOP_ANALYSIS = YES;
				CLANG_WARN_STRICT_PROTOTYPES = YES;
				CLANG_WARN_SUSPICIOUS_MOVE = YES;
				CLANG_WARN_UNGUARDED_AVAILABILITY = YES_AGGRESSIVE;
				CLANG_WARN_UNREACHABLE_CODE = YES;
				CLANG_WARN__DUPLICATE_METHOD_MATCH = YES;
				COPY_PHASE_STRIP = NO;
				DEBUG_INFORMATION_FORMAT = "dwarf-with-dsym";
				ENABLE_NS_ASSERTIONS = NO;
				ENABLE_STRICT_OBJC_MSGSEND = YES;
				GCC_C_LANGUAGE_STANDARD = gnu11;
				GCC_NO_COMMON_BLOCKS = YES;
				GCC_WARN_64_TO_32_BIT_CONVERSION = YES;
				GCC_WARN_ABOUT_RETURN_TYPE = YES_ERROR;
				GCC_WARN_UNDECLARED_SELECTOR = YES;
				GCC_WARN_UNINITIALIZED_AUTOS = YES_AGGRESSIVE;
				GCC_WARN_UNUSED_FUNCTION = YES;
				GCC_WARN_UNUSED_VARIABLE = YES;
				IPHONEOS_DEPLOYMENT_TARGET = 13.4;
				MTL_ENABLE_DEBUG_INFO = NO;
				MTL_FAST_MATH = YES;
				SDKROOT = iphoneos;
				SWIFT_COMPILATION_MODE = wholemodule;
				SWIFT_OPTIMIZATION_LEVEL = "-O";
				VALIDATE_PRODUCT = YES;
			};
			name = Release;
		};
		AD22857124454F270077F7C8 /* Debug */ = {
			isa = XCBuildConfiguration;
			buildSettings = {
				ASSETCATALOG_COMPILER_APPICON_NAME = AppIcon;
				CODE_SIGN_STYLE = Automatic;
				DEVELOPMENT_TEAM = 3BCAF5M7TY;
				INFOPLIST_FILE = DataStructureAndAlgorithm/SupportFiles/Info.plist;
				LD_RUNPATH_SEARCH_PATHS = (
					"$(inherited)",
					"@executable_path/Frameworks",
				);
				PRODUCT_BUNDLE_IDENTIFIER = com.zzh.DataStructureAndAlgorithm;
				PRODUCT_NAME = "$(TARGET_NAME)";
				SWIFT_VERSION = 5.0;
				TARGETED_DEVICE_FAMILY = "1,2";
			};
			name = Debug;
		};
		AD22857224454F270077F7C8 /* Release */ = {
			isa = XCBuildConfiguration;
			buildSettings = {
				ASSETCATALOG_COMPILER_APPICON_NAME = AppIcon;
				CODE_SIGN_STYLE = Automatic;
				DEVELOPMENT_TEAM = 3BCAF5M7TY;
				INFOPLIST_FILE = DataStructureAndAlgorithm/SupportFiles/Info.plist;
				LD_RUNPATH_SEARCH_PATHS = (
					"$(inherited)",
					"@executable_path/Frameworks",
				);
				PRODUCT_BUNDLE_IDENTIFIER = com.zzh.DataStructureAndAlgorithm;
				PRODUCT_NAME = "$(TARGET_NAME)";
				SWIFT_VERSION = 5.0;
				TARGETED_DEVICE_FAMILY = "1,2";
			};
			name = Release;
		};
/* End XCBuildConfiguration section */

/* Begin XCConfigurationList section */
		AD22855724454F250077F7C8 /* Build configuration list for PBXProject "DataStructureAndAlgorithm" */ = {
			isa = XCConfigurationList;
			buildConfigurations = (
				AD22856E24454F270077F7C8 /* Debug */,
				AD22856F24454F270077F7C8 /* Release */,
			);
			defaultConfigurationIsVisible = 0;
			defaultConfigurationName = Release;
		};
		AD22857024454F270077F7C8 /* Build configuration list for PBXNativeTarget "DataStructureAndAlgorithm" */ = {
			isa = XCConfigurationList;
			buildConfigurations = (
				AD22857124454F270077F7C8 /* Debug */,
				AD22857224454F270077F7C8 /* Release */,
			);
			defaultConfigurationIsVisible = 0;
			defaultConfigurationName = Release;
		};
/* End XCConfigurationList section */
	};
	rootObject = AD22855424454F250077F7C8 /* Project object */;
}
